{
  "name": "cct",
  "version": "1.0.0",
  "lockfileVersion": 1,
  "requires": true,
  "dependencies": {
    "@carbon/icon-helpers": {
      "version": "10.9.0",
      "resolved": "https://registry.npmjs.org/@carbon/icon-helpers/-/icon-helpers-10.9.0.tgz",
      "integrity": "sha512-JtmCXV7iIc+N5RqQQy+MGT8T+5KcF7+BUKADvHnJKZ8o+ncF5gI4hmrP450dQD76mikI4fqQ0dQflaosesdSPw=="
    },
    "@carbon/icons-vue": {
      "version": "10.19.0",
      "resolved": "https://registry.npmjs.org/@carbon/icons-vue/-/icons-vue-10.19.0.tgz",
      "integrity": "sha512-/wUkLiZhIkTiAo4FsFwl6WKspB27rJ+zCkgtpCtoQI83Iwz+Io2JugmQcyCLclHUj1jtjgul1FHwxzDc/kOYiQ==",
      "requires": {
        "@carbon/icon-helpers": "^10.9.0"
      }
    }
  }
}
